PODS:
  - camerakit_flutter (1.0.2):
    - Flutter
    - SCCameraKit (~> 1.35.0)
    - SCCameraKitReferenceUI (~> 1.35.0)
  - Flutter (1.0.0)
  - integration_test (0.0.1):
    - Flutter
  - SCCameraKit (1.35.0)
  - SCCameraKitReferenceUI (1.35.0):
    - SCCameraKit (~> 1.35.0)
  - video_player_avfoundation (0.0.1):
    - Flutter

DEPENDENCIES:
  - camerakit_flutter (from `.symlinks/plugins/camerakit_flutter/ios`)
  - Flutter (from `Flutter`)
  - integration_test (from `.symlinks/plugins/integration_test/ios`)
  - video_player_avfoundation (from `.symlinks/plugins/video_player_avfoundation/ios`)

SPEC REPOS:
  trunk:
    - SCCameraKit
    - SCCameraKitReferenceUI

EXTERNAL SOURCES:
  camerakit_flutter:
    :path: ".symlinks/plugins/camerakit_flutter/ios"
  Flutter:
    :path: Flutter
  integration_test:
    :path: ".symlinks/plugins/integration_test/ios"
  video_player_avfoundation:
    :path: ".symlinks/plugins/video_player_avfoundation/ios"

SPEC CHECKSUMS:
  camerakit_flutter: 6b2564df8d962a2b3a34255b04f3cdac45f6a939
  Flutter: f04841e97a9d0b0a8025694d0796dd46242b2854
  integration_test: 13825b8a9334a850581300559b8839134b124670
  SCCameraKit: 470ca4b93ae4e53d1934b90592444aa826f2f493
  SCCameraKitReferenceUI: 8c2fb7b447d1099d7aba4d17c38d20922c358ff6
  video_player_avfoundation: 81e49bb3d9fb63dccf9fa0f6d877dc3ddbeac126

PODFILE CHECKSUM: a57f30d18f102dd3ce366b1d62a55ecbef2158e5

COCOAPODS: 1.15.2
